
Microsoft Visual Studio Solution File, Format Version 12.00
# Visual Studio Version 17
VisualStudioVersion = 17.6.33815.320
MinimumVisualStudioVersion = 10.0.40219.1
Project("{FAE04EC0-301F-11D3-BF4B-00C04F79EFBC}") = "Veterinaria", "Veterinaria.csproj", "{A46A0A4A-A664-455C-91E3-A77C969FEB4A}"
EndProject
Global
	GlobalSection(SolutionConfigurationPlatforms) = preSolution
		Debug|Any CPU = Debug|Any CPU
		Release|Any CPU = Release|Any CPU
	EndGlobalSection
	GlobalSection(ProjectConfigurationPlatforms) = postSolution
		{A46A0A4A-A664-455C-91E3-A77C969FEB4A}.Debug|Any CPU.ActiveCfg = Debug|Any CPU
		{A46A0A4A-A664-455C-91E3-A77C969FEB4A}.Debug|Any CPU.Build.0 = Debug|Any CPU
		{A46A0A4A-A664-455C-91E3-A77C969FEB4A}.Release|Any CPU.ActiveCfg = Release|Any CPU
		{A46A0A4A-A664-455C-91E3-A77C969FEB4A}.Release|Any CPU.Build.0 = Release|Any CPU
	EndGlobalSection
	GlobalSection(SolutionProperties) = preSolution
		HideSolutionNode = FALSE
	EndGlobalSection
	GlobalSection(ExtensibilityGlobals) = postSolution
		SolutionGuid = {C5728A26-4A3A-41F9-9E30-C387DBA39CEA}
	EndGlobalSection
EndGlobal
